
Microsoft Visual Studio Solution File, Format Version 12.00
# Visual Studio Version 16
VisualStudioVersion = 16.0.33328.57
MinimumVisualStudioVersion = 10.0.40219.1
Project("{FAE04EC0-301F-11D3-BF4B-00C04F79EFBC}") = "Enum", "CursoPOO\Enum.csproj", "{8E9F072A-2381-4FFE-AF4E-156E224A7423}"
EndProject
Global
	GlobalSection(SolutionConfigurationPlatforms) = preSolution
		Debug|Any CPU = Debug|Any CPU
		Release|Any CPU = Release|Any CPU
	EndGlobalSection
	GlobalSection(ProjectConfigurationPlatforms) = postSolution
		{8E9F072A-2381-4FFE-AF4E-156E224A7423}.Debug|Any CPU.ActiveCfg = Debug|Any CPU
		{8E9F072A-2381-4FFE-AF4E-156E224A7423}.Debug|Any CPU.Build.0 = Debug|Any CPU
		{8E9F072A-2381-4FFE-AF4E-156E224A7423}.Release|Any CPU.ActiveCfg = Release|Any CPU
		{8E9F072A-2381-4FFE-AF4E-156E224A7423}.Release|Any CPU.Build.0 = Release|Any CPU
	EndGlobalSection
	GlobalSection(SolutionProperties) = preSolution
		HideSolutionNode = FALSE
	EndGlobalSection
	GlobalSection(ExtensibilityGlobals) = postSolution
		SolutionGuid = {909C70F9-D9EC-48F8-B850-E8667B74816C}
	EndGlobalSection
EndGlobal
