
Microsoft Visual Studio Solution File, Format Version 12.00
# Visual Studio Version 16
VisualStudioVersion = 16.0.33328.57
MinimumVisualStudioVersion = 10.0.40219.1
Project("{FAE04EC0-301F-11D3-BF4B-00C04F79EFBC}") = "Heranca", "Heranca\Heranca.csproj", "{05A3ECAF-09F9-47E3-A84D-A7430B23D263}"
EndProject
Global
	GlobalSection(SolutionConfigurationPlatforms) = preSolution
		Debug|Any CPU = Debug|Any CPU
		Release|Any CPU = Release|Any CPU
	EndGlobalSection
	GlobalSection(ProjectConfigurationPlatforms) = postSolution
		{05A3ECAF-09F9-47E3-A84D-A7430B23D263}.Debug|Any CPU.ActiveCfg = Debug|Any CPU
		{05A3ECAF-09F9-47E3-A84D-A7430B23D263}.Debug|Any CPU.Build.0 = Debug|Any CPU
		{05A3ECAF-09F9-47E3-A84D-A7430B23D263}.Release|Any CPU.ActiveCfg = Release|Any CPU
		{05A3ECAF-09F9-47E3-A84D-A7430B23D263}.Release|Any CPU.Build.0 = Release|Any CPU
	EndGlobalSection
	GlobalSection(SolutionProperties) = preSolution
		HideSolutionNode = FALSE
	EndGlobalSection
	GlobalSection(ExtensibilityGlobals) = postSolution
		SolutionGuid = {F7413B4C-DC4C-4CAD-93F7-FD2148FA047B}
	EndGlobalSection
EndGlobal
