
Microsoft Visual Studio Solution File, Format Version 12.00
# Visual Studio Version 16
VisualStudioVersion = 16.0.33328.57
MinimumVisualStudioVersion = 10.0.40219.1
Project("{FAE04EC0-301F-11D3-BF4B-00C04F79EFBC}") = "HashAndSorted", "HashAndSorted\HashAndSorted.csproj", "{B13BD830-C259-450C-BCB5-A1E49C56BAE9}"
EndProject
Global
	GlobalSection(SolutionConfigurationPlatforms) = preSolution
		Debug|Any CPU = Debug|Any CPU
		Release|Any CPU = Release|Any CPU
	EndGlobalSection
	GlobalSection(ProjectConfigurationPlatforms) = postSolution
		{B13BD830-C259-450C-BCB5-A1E49C56BAE9}.Debug|Any CPU.ActiveCfg = Debug|Any CPU
		{B13BD830-C259-450C-BCB5-A1E49C56BAE9}.Debug|Any CPU.Build.0 = Debug|Any CPU
		{B13BD830-C259-450C-BCB5-A1E49C56BAE9}.Release|Any CPU.ActiveCfg = Release|Any CPU
		{B13BD830-C259-450C-BCB5-A1E49C56BAE9}.Release|Any CPU.Build.0 = Release|Any CPU
	EndGlobalSection
	GlobalSection(SolutionProperties) = preSolution
		HideSolutionNode = FALSE
	EndGlobalSection
	GlobalSection(ExtensibilityGlobals) = postSolution
		SolutionGuid = {B313F182-A776-4E8B-A894-8A2CBEED76B4}
	EndGlobalSection
EndGlobal
